// !$*UTF8*$!
{
	archiveVersion = 1;
	classes = {
	};
	objectVersion = 46;
	objects = {

/* Begin PBXBuildFile section */
		C9023EA71BC862EE0016B0E2 /* main.m in Sources */ = {isa = PBXBuildFile; fileRef = C9023EA61BC862EE0016B0E2 /* main.m */; };
		C9023EAA1BC862EE0016B0E2 /* AppDelegate.m in Sources */ = {isa = PBXBuildFile; fileRef = C9023EA91BC862EE0016B0E2 /* AppDelegate.m */; };
		C9023EAD1BC862EE0016B0E2 /* ViewController.m in Sources */ = {isa = PBXBuildFile; fileRef = C9023EAC1BC862EE0016B0E2 /* ViewController.m */; };
		C9023EB21BC862EE0016B0E2 /* Assets.xcassets in Resources */ = {isa = PBXBuildFile; fileRef = C9023EB11BC862EE0016B0E2 /* Assets.xcassets */; };
		C9023EB51BC862EE0016B0E2 /* LaunchScreen.storyboard in Resources */ = {isa = PBXBuildFile; fileRef = C9023EB31BC862EE0016B0E2 /* LaunchScreen.storyboard */; };
		C9023EC01BC862EE0016B0E2 /* BlocBrowserTests.m in Sources */ = {isa = PBXBuildFile; fileRef = C9023EBF1BC862EE0016B0E2 /* BlocBrowserTests.m */; };
		C9023ECB1BC862EE0016B0E2 /* BlocBrowserUITests.m in Sources */ = {isa = PBXBuildFile; fileRef = C9023ECA1BC862EE0016B0E2 /* BlocBrowserUITests.m */; };
		C9DF7C501BCC0F40008B906A /* AwesomeFloatingToolbar.m in Sources */ = {isa = PBXBuildFile; fileRef = C9DF7C4F1BCC0F40008B906A /* AwesomeFloatingToolbar.m */; settings = {ASSET_TAGS = (); }; };
/* End PBXBuildFile section */

/* Begin PBXContainerItemProxy section */
		C9023EBC1BC862EE0016B0E2 /* PBXContainerItemProxy */ = {
			isa = PBXContainerItemProxy;
			containerPortal = C9023E9A1BC862EE0016B0E2 /* Project object */;
			proxyType = 1;
			remoteGlobalIDString = C9023EA11BC862EE0016B0E2;
			remoteInfo = BlocBrowser;
		};
		C9023EC71BC862EE0016B0E2 /* PBXContainerItemProxy */ = {
			isa = PBXContainerItemProxy;
			containerPortal = C9023E9A1BC862EE0016B0E2 /* Project object */;
			proxyType = 1;
			remoteGlobalIDString = C9023EA11BC862EE0016B0E2;
			remoteInfo = BlocBrowser;
		};
/* End PBXContainerItemProxy section */

/* Begin PBXFileReference section */
		C9023EA21BC862EE0016B0E2 /* BlocBrowser.app */ = {isa = PBXFileReference; explicitFileType = wrapper.application; includeInIndex = 0; path = BlocBrowser.app; sourceTree = BUILT_PRODUCTS_DIR; };
		C9023EA61BC862EE0016B0E2 /* main.m */ = {isa = PBXFileReference; lastKnownFileType = sourcecode.c.objc; path = main.m; sourceTree = "<group>"; };
		C9023EA81BC862EE0016B0E2 /* AppDelegate.h */ = {isa = PBXFileReference; lastKnownFileType = sourcecode.c.h; path = AppDelegate.h; sourceTree = "<group>"; };
		C9023EA91BC862EE0016B0E2 /* AppDelegate.m */ = {isa = PBXFileReference; lastKnownFileType = sourcecode.c.objc; path = AppDelegate.m; sourceTree = "<group>"; };
		C9023EAB1BC862EE0016B0E2 /* ViewController.h */ = {isa = PBXFileReference; lastKnownFileType = sourcecode.c.h; path = ViewController.h; sourceTree = "<group>"; };
		C9023EAC1BC862EE0016B0E2 /* ViewController.m */ = {isa = PBXFileReference; lastKnownFileType = sourcecode.c.objc; path = ViewController.m; sourceTree = "<group>"; };
		C9023EB11BC862EE0016B0E2 /* Assets.xcassets */ = {isa = PBXFileReference; lastKnownFileType = folder.assetcatalog; path = Assets.xcassets; sourceTree = "<group>"; };
		C9023EB41BC862EE0016B0E2 /* Base */ = {isa = PBXFileReference; lastKnownFileType = file.storyboard; name = Base; path = Base.lproj/LaunchScreen.storyboard; sourceTree = "<group>"; };
		C9023EB61BC862EE0016B0E2 /* Info.plist */ = {isa = PBXFileReference; lastKnownFileType = text.plist.xml; path = Info.plist; sourceTree = "<group>"; };
		C9023EBB1BC862EE0016B0E2 /* BlocBrowserTests.xctest */ = {isa = PBXFileReference; explicitFileType = wrapper.cfbundle; includeInIndex = 0; path = BlocBrowserTests.xctest; sourceTree = BUILT_PRODUCTS_DIR; };
		C9023EBF1BC862EE0016B0E2 /* BlocBrowserTests.m */ = {isa = PBXFileReference; lastKnownFileType = sourcecode.c.objc; path = BlocBrowserTests.m; sourceTree = "<group>"; };
		C9023EC11BC862EE0016B0E2 /* Info.plist */ = {isa = PBXFileReference; lastKnownFileType = text.plist.xml; path = Info.plist; sourceTree = "<group>"; };
		C9023EC61BC862EE0016B0E2 /* BlocBrowserUITests.xctest */ = {isa = PBXFileReference; explicitFileType = wrapper.cfbundle; includeInIndex = 0; path = BlocBrowserUITests.xctest; sourceTree = BUILT_PRODUCTS_DIR; };
		C9023ECA1BC862EE0016B0E2 /* BlocBrowserUITests.m */ = {isa = PBXFileReference; lastKnownFileType = sourcecode.c.objc; path = BlocBrowserUITests.m; sourceTree = "<group>"; };
		C9023ECC1BC862EE0016B0E2 /* Info.plist */ = {isa = PBXFileReference; lastKnownFileType = text.plist.xml; path = Info.plist; sourceTree = "<group>"; };
		C9DF7C4E1BCC0F40008B906A /* AwesomeFloatingToolbar.h */ = {isa = PBXFileReference; fileEncoding = 4; lastKnownFileType = sourcecode.c.h; path = AwesomeFloatingToolbar.h; sourceTree = "<group>"; };
		C9DF7C4F1BCC0F40008B906A /* AwesomeFloatingToolbar.m */ = {isa = PBXFileReference; fileEncoding = 4; lastKnownFileType = sourcecode.c.objc; path = AwesomeFloatingToolbar.m; sourceTree = "<group>"; };
/* End PBXFileReference section */

/* Begin PBXFrameworksBuildPhase section */
		C9023E9F1BC862EE0016B0E2 /* Frameworks */ = {
			isa = PBXFrameworksBuildPhase;
			buildActionMask = 2147483647;
			files = (
			);
			runOnlyForDeploymentPostprocessing = 0;
		};
		C9023EB81BC862EE0016B0E2 /* Frameworks */ = {
			isa = PBXFrameworksBuildPhase;
			buildActionMask = 2147483647;
			files = (
			);
			runOnlyForDeploymentPostprocessing = 0;
		};
		C9023EC31BC862EE0016B0E2 /* Frameworks */ = {
			isa = PBXFrameworksBuildPhase;
			buildActionMask = 2147483647;
			files = (
			);
			runOnlyForDeploymentPostprocessing = 0;
		};
/* End PBXFrameworksBuildPhase section */

/* Begin PBXGroup section */
		C9023E991BC862EE0016B0E2 = {
			isa = PBXGroup;
			children = (
				C9023EA41BC862EE0016B0E2 /* BlocBrowser */,
				C9023EBE1BC862EE0016B0E2 /* BlocBrowserTests */,
				C9023EC91BC862EE0016B0E2 /* BlocBrowserUITests */,
				C9023EA31BC862EE0016B0E2 /* Products */,
			);
			sourceTree = "<group>";
		};
		C9023EA31BC862EE0016B0E2 /* Products */ = {
			isa = PBXGroup;
			children = (
				C9023EA21BC862EE0016B0E2 /* BlocBrowser.app */,
				C9023EBB1BC862EE0016B0E2 /* BlocBrowserTests.xctest */,
				C9023EC61BC862EE0016B0E2 /* BlocBrowserUITests.xctest */,
			);
			name = Products;
			sourceTree = "<group>";
		};
		C9023EA41BC862EE0016B0E2 /* BlocBrowser */ = {
			isa = PBXGroup;
			children = (
				C9023EA81BC862EE0016B0E2 /* AppDelegate.h */,
				C9023EA91BC862EE0016B0E2 /* AppDelegate.m */,
				C9DF7C4E1BCC0F40008B906A /* AwesomeFloatingToolbar.h */,
				C9DF7C4F1BCC0F40008B906A /* AwesomeFloatingToolbar.m */,
				C9023EAB1BC862EE0016B0E2 /* ViewController.h */,
				C9023EAC1BC862EE0016B0E2 /* ViewController.m */,
				C9023EB11BC862EE0016B0E2 /* Assets.xcassets */,
				C9023EB31BC862EE0016B0E2 /* LaunchScreen.storyboard */,
				C9023EB61BC862EE0016B0E2 /* Info.plist */,
				C9023EA51BC862EE0016B0E2 /* Supporting Files */,
			);
			path = BlocBrowser;
			sourceTree = "<group>";
		};
		C9023EA51BC862EE0016B0E2 /* Supporting Files */ = {
			isa = PBXGroup;
			children = (
				C9023EA61BC862EE0016B0E2 /* main.m */,
			);
			name = "Supporting Files";
			sourceTree = "<group>";
		};
		C9023EBE1BC862EE0016B0E2 /* BlocBrowserTests */ = {
			isa = PBXGroup;
			children = (
				C9023EBF1BC862EE0016B0E2 /* BlocBrowserTests.m */,
				C9023EC11BC862EE0016B0E2 /* Info.plist */,
			);
			path = BlocBrowserTests;
			sourceTree = "<group>";
		};
		C9023EC91BC862EE0016B0E2 /* BlocBrowserUITests */ = {
			isa = PBXGroup;
			children = (
				C9023ECA1BC862EE0016B0E2 /* BlocBrowserUITests.m */,
				C9023ECC1BC862EE0016B0E2 /* Info.plist */,
			);
			path = BlocBrowserUITests;
			sourceTree = "<group>";
		};
/* End PBXGroup section */

/* Begin PBXNativeTarget section */
		C9023EA11BC862EE0016B0E2 /* BlocBrowser */ = {
			isa = PBXNativeTarget;
			buildConfigurationList = C9023ECF1BC862EE0016B0E2 /* Build configuration list for PBXNativeTarget "BlocBrowser" */;
			buildPhases = (
				C9023E9E1BC862EE0016B0E2 /* Sources */,
				C9023E9F1BC862EE0016B0E2 /* Frameworks */,
				C9023EA01BC862EE0016B0E2 /* Resources */,
			);
			buildRules = (
			);
			dependencies = (
			);
			name = BlocBrowser;
			productName = BlocBrowser;
			productReference = C9023EA21BC862EE0016B0E2 /* BlocBrowser.app */;
			productType = "com.apple.product-type.application";
		};
		C9023EBA1BC862EE0016B0E2 /* BlocBrowserTests */ = {
			isa = PBXNativeTarget;
			buildConfigurationList = C9023ED21BC862EE0016B0E2 /* Build configuration list for PBXNativeTarget "BlocBrowserTests" */;
			buildPhases = (
				C9023EB71BC862EE0016B0E2 /* Sources */,
				C9023EB81BC862EE0016B0E2 /* Frameworks */,
				C9023EB91BC862EE0016B0E2 /* Resources */,
			);
			buildRules = (
			);
			dependencies = (
				C9023EBD1BC862EE0016B0E2 /* PBXTargetDependency */,
			);
			name = BlocBrowserTests;
			productName = BlocBrowserTests;
			productReference = C9023EBB1BC862EE0016B0E2 /* BlocBrowserTests.xctest */;
			productType = "com.apple.product-type.bundle.unit-test";
		};
		C9023EC51BC862EE0016B0E2 /* BlocBrowserUITests */ = {
			isa = PBXNativeTarget;
			buildConfigurationList = C9023ED51BC862EE0016B0E2 /* Build configuration list for PBXNativeTarget "BlocBrowserUITests" */;
			buildPhases = (
				C9023EC21BC862EE0016B0E2 /* Sources */,
				C9023EC31BC862EE0016B0E2 /* Frameworks */,
				C9023EC41BC862EE0016B0E2 /* Resources */,
			);
			buildRules = (
			);
			dependencies = (
				C9023EC81BC862EE0016B0E2 /* PBXTargetDependency */,
			);
			name = BlocBrowserUITests;
			productName = BlocBrowserUITests;
			productReference = C9023EC61BC862EE0016B0E2 /* BlocBrowserUITests.xctest */;
			productType = "com.apple.product-type.bundle.ui-testing";
		};
/* End PBXNativeTarget section */

/* Begin PBXProject section */
		C9023E9A1BC862EE0016B0E2 /* Project object */ = {
			isa = PBXProject;
			attributes = {
				LastUpgradeCheck = 0700;
				ORGANIZATIONNAME = "Ben Russell";
				TargetAttributes = {
					C9023EA11BC862EE0016B0E2 = {
						CreatedOnToolsVersion = 7.0.1;
					};
					C9023EBA1BC862EE0016B0E2 = {
						CreatedOnToolsVersion = 7.0.1;
						TestTargetID = C9023EA11BC862EE0016B0E2;
					};
					C9023EC51BC862EE0016B0E2 = {
						CreatedOnToolsVersion = 7.0.1;
						TestTargetID = C9023EA11BC862EE0016B0E2;
					};
				};
			};
			buildConfigurationList = C9023E9D1BC862EE0016B0E2 /* Build configuration list for PBXProject "BlocBrowser" */;
			compatibilityVersion = "Xcode 3.2";
			developmentRegion = English;
			hasScannedForEncodings = 0;
			knownRegions = (
				en,
				Base,
			);
			mainGroup = C9023E991BC862EE0016B0E2;
			productRefGroup = C9023EA31BC862EE0016B0E2 /* Products */;
			projectDirPath = "";
			projectRoot = "";
			targets = (
				C9023EA11BC862EE0016B0E2 /* BlocBrowser */,
				C9023EBA1BC862EE0016B0E2 /* BlocBrowserTests */,
				C9023EC51BC862EE0016B0E2 /* BlocBrowserUITests */,
			);
		};
/* End PBXProject section */

/* Begin PBXResourcesBuildPhase section */
		C9023EA01BC862EE0016B0E2 /* Resources */ = {
			isa = PBXResourcesBuildPhase;
			buildActionMask = 2147483647;
			files = (
				C9023EB51BC862EE0016B0E2 /* LaunchScreen.storyboard in Resources */,
				C9023EB21BC862EE0016B0E2 /* Assets.xcassets in Resources */,
			);
			runOnlyForDeploymentPostprocessing = 0;
		};
		C9023EB91BC862EE0016B0E2 /* Resources */ = {
			isa = PBXResourcesBuildPhase;
			buildActionMask = 2147483647;
			files = (
			);
			runOnlyForDeploymentPostprocessing = 0;
		};
		C9023EC41BC862EE0016B0E2 /* Resources */ = {
			isa = PBXResourcesBuildPhase;
			buildActionMask = 2147483647;
			files = (
			);
			runOnlyForDeploymentPostprocessing = 0;
		};
/* End PBXResourcesBuildPhase section */

/* Begin PBXSourcesBuildPhase section */
		C9023E9E1BC862EE0016B0E2 /* Sources */ = {
			isa = PBXSourcesBuildPhase;
			buildActionMask = 2147483647;
			files = (
				C9023EAD1BC862EE0016B0E2 /* ViewController.m in Sources */,
				C9023EAA1BC862EE0016B0E2 /* AppDelegate.m in Sources */,
				C9023EA71BC862EE0016B0E2 /* main.m in Sources */,
				C9DF7C501BCC0F40008B906A /* AwesomeFloatingToolbar.m in Sources */,
			);
			runOnlyForDeploymentPostprocessing = 0;
		};
		C9023EB71BC862EE0016B0E2 /* Sources */ = {
			isa = PBXSourcesBuildPhase;
			buildActionMask = 2147483647;
			files = (
				C9023EC01BC862EE0016B0E2 /* BlocBrowserTests.m in Sources */,
			);
			runOnlyForDeploymentPostprocessing = 0;
		};
		C9023EC21BC862EE0016B0E2 /* Sources */ = {
			isa = PBXSourcesBuildPhase;
			buildActionMask = 2147483647;
			files = (
				C9023ECB1BC862EE0016B0E2 /* BlocBrowserUITests.m in Sources */,
			);
			runOnlyForDeploymentPostprocessing = 0;
		};
/* End PBXSourcesBuildPhase section */

/* Begin PBXTargetDependency section */
		C9023EBD1BC862EE0016B0E2 /* PBXTargetDependency */ = {
			isa = PBXTargetDependency;
			target = C9023EA11BC862EE0016B0E2 /* BlocBrowser */;
			targetProxy = C9023EBC1BC862EE0016B0E2 /* PBXContainerItemProxy */;
		};
		C9023EC81BC862EE0016B0E2 /* PBXTargetDependency */ = {
			isa = PBXTargetDependency;
			target = C9023EA11BC862EE0016B0E2 /* BlocBrowser */;
			targetProxy = C9023EC71BC862EE0016B0E2 /* PBXContainerItemProxy */;
		};
/* End PBXTargetDependency section */

/* Begin PBXVariantGroup section */
		C9023EB31BC862EE0016B0E2 /* LaunchScreen.storyboard */ = {
			isa = PBXVariantGroup;
			children = (
				C9023EB41BC862EE0016B0E2 /* Base */,
			);
			name = LaunchScreen.storyboard;
			sourceTree = "<group>";
		};
/* End PBXVariantGroup section */

/* Begin XCBuildConfiguration section */
		C9023ECD1BC862EE0016B0E2 /* Debug */ = {
			isa = XCBuildConfiguration;
			buildSettings = {
				ALWAYS_SEARCH_USER_PATHS = NO;
				CLANG_CXX_LANGUAGE_STANDARD = "gnu++0x";
				CLANG_CXX_LIBRARY = "libc++";
				CLANG_ENABLE_MODULES = YES;
				CLANG_ENABLE_OBJC_ARC = YES;
				CLANG_WARN_BOOL_CONVERSION = YES;
				CLANG_WARN_CONSTANT_CONVERSION = YES;
				CLANG_WARN_DIRECT_OBJC_ISA_USAGE = YES_ERROR;
				CLANG_WARN_EMPTY_BODY = YES;
				CLANG_WARN_ENUM_CONVERSION = YES;
				CLANG_WARN_INT_CONVERSION = YES;
				CLANG_WARN_OBJC_ROOT_CLASS = YES_ERROR;
				CLANG_WARN_UNREACHABLE_CODE = YES;
				CLANG_WARN__DUPLICATE_METHOD_MATCH = YES;
				"CODE_SIGN_IDENTITY[sdk=iphoneos*]" = "iPhone Developer";
				COPY_PHASE_STRIP = NO;
				DEBUG_INFORMATION_FORMAT = dwarf;
				ENABLE_STRICT_OBJC_MSGSEND = YES;
				ENABLE_TESTABILITY = YES;
				GCC_C_LANGUAGE_STANDARD = gnu99;
				GCC_DYNAMIC_NO_PIC = NO;
				GCC_NO_COMMON_BLOCKS = YES;
				GCC_OPTIMIZATION_LEVEL = 0;
				GCC_PREPROCESSOR_DEFINITIONS = (
					"DEBUG=1",
					"$(inherited)",
				);
				GCC_WARN_64_TO_32_BIT_CONVERSION = YES;
				GCC_WARN_ABOUT_RETURN_TYPE = YES_ERROR;
				GCC_WARN_UNDECLARED_SELECTOR = YES;
				GCC_WARN_UNINITIALIZED_AUTOS = YES_AGGRESSIVE;
				GCC_WARN_UNUSED_FUNCTION = YES;
				GCC_WARN_UNUSED_VARIABLE = YES;
				IPHONEOS_DEPLOYMENT_TARGET = 9.0;
				MTL_ENABLE_DEBUG_INFO = YES;
				ONLY_ACTIVE_ARCH = YES;
				SDKROOT = iphoneos;
			};
			name = Debug;
		};
		C9023ECE1BC862EE0016B0E2 /* Release */ = {
			isa = XCBuildConfiguration;
			buildSettings = {
				ALWAYS_SEARCH_USER_PATHS = NO;
				CLANG_CXX_LANGUAGE_STANDARD = "gnu++0x";
				CLANG_CXX_LIBRARY = "libc++";
				CLANG_ENABLE_MODULES = YES;
				CLANG_ENABLE_OBJC_ARC = YES;
				CLANG_WARN_BOOL_CONVERSION = YES;
				CLANG_WARN_CONSTANT_CONVERSION = YES;
				CLANG_WARN_DIRECT_OBJC_ISA_USAGE = YES_ERROR;
				CLANG_WARN_EMPTY_BODY = YES;
				CLANG_WARN_ENUM_CONVERSION = YES;
				CLANG_WARN_INT_CONVERSION = YES;
				CLANG_WARN_OBJC_ROOT_CLASS = YES_ERROR;
				CLANG_WARN_UNREACHABLE_CODE = YES;
				CLANG_WARN__DUPLICATE_METHOD_MATCH = YES;
				"CODE_SIGN_IDENTITY[sdk=iphoneos*]" = "iPhone Developer";
				COPY_PHASE_STRIP = NO;
				DEBUG_INFORMATION_FORMAT = "dwarf-with-dsym";
				ENABLE_NS_ASSERTIONS = NO;
				ENABLE_STRICT_OBJC_MSGSEND = YES;
				GCC_C_LANGUAGE_STANDARD = gnu99;
				GCC_NO_COMMON_BLOCKS = YES;
				GCC_WARN_64_TO_32_BIT_CONVERSION = YES;
				GCC_WARN_ABOUT_RETURN_TYPE = YES_ERROR;
				GCC_WARN_UNDECLARED_SELECTOR = YES;
				GCC_WARN_UNINITIALIZED_AUTOS = YES_AGGRESSIVE;
				GCC_WARN_UNUSED_FUNCTION = YES;
				GCC_WARN_UNUSED_VARIABLE = YES;
				IPHONEOS_DEPLOYMENT_TARGET = 9.0;
				MTL_ENABLE_DEBUG_INFO = NO;
				SDKROOT = iphoneos;
				VALIDATE_PRODUCT = YES;
			};
			name = Release;
		};
		C9023ED01BC862EE0016B0E2 /* Debug */ = {
			isa = XCBuildConfiguration;
			buildSettings = {
				ASSETCATALOG_COMPILER_APPICON_NAME = AppIcon;
				INFOPLIST_FILE = BlocBrowser/Info.plist;
				LD_RUNPATH_SEARCH_PATHS = "$(inherited) @executable_path/Frameworks";
				PRODUCT_BUNDLE_IDENTIFIER = com.BenRussell.BlocBrowser;
				PRODUCT_NAME = "$(TARGET_NAME)";
			};
			name = Debug;
		};
		C9023ED11BC862EE0016B0E2 /* Release */ = {
			isa = XCBuildConfiguration;
			buildSettings = {
				ASSETCATALOG_COMPILER_APPICON_NAME = AppIcon;
				INFOPLIST_FILE = BlocBrowser/Info.plist;
				LD_RUNPATH_SEARCH_PATHS = "$(inherited) @executable_path/Frameworks";
				PRODUCT_BUNDLE_IDENTIFIER = com.BenRussell.BlocBrowser;
				PRODUCT_NAME = "$(TARGET_NAME)";
			};
			name = Release;
		};
		C9023ED31BC862EE0016B0E2 /* Debug */ = {
			isa = XCBuildConfiguration;
			buildSettings = {
				BUNDLE_LOADER = "$(TEST_HOST)";
				INFOPLIST_FILE = BlocBrowserTests/Info.plist;
				LD_RUNPATH_SEARCH_PATHS = "$(inherited) @executable_path/Frameworks @loader_path/Frameworks";
				PRODUCT_BUNDLE_IDENTIFIER = com.BenRussell.BlocBrowserTests;
				PRODUCT_NAME = "$(TARGET_NAME)";
				TEST_HOST = "$(BUILT_PRODUCTS_DIR)/BlocBrowser.app/BlocBrowser";
			};
			name = Debug;
		};
		C9023ED41BC862EE0016B0E2 /* Release */ = {
			isa = XCBuildConfiguration;
			buildSettings = {
				BUNDLE_LOADER = "$(TEST_HOST)";
				INFOPLIST_FILE = BlocBrowserTests/Info.plist;
				LD_RUNPATH_SEARCH_PATHS = "$(inherited) @executable_path/Frameworks @loader_path/Frameworks";
				PRODUCT_BUNDLE_IDENTIFIER = com.BenRussell.BlocBrowserTests;
				PRODUCT_NAME = "$(TARGET_NAME)";
				TEST_HOST = "$(BUILT_PRODUCTS_DIR)/BlocBrowser.app/BlocBrowser";
			};
			name = Release;
		};
		C9023ED61BC862EE0016B0E2 /* Debug */ = {
			isa = XCBuildConfiguration;
			buildSettings = {
				INFOPLIST_FILE = BlocBrowserUITests/Info.plist;
				LD_RUNPATH_SEARCH_PATHS = "$(inherited) @executable_path/Frameworks @loader_path/Frameworks";
				PRODUCT_BUNDLE_IDENTIFIER = com.BenRussell.BlocBrowserUITests;
				PRODUCT_NAME = "$(TARGET_NAME)";
				TEST_TARGET_NAME = BlocBrowser;
				USES_XCTRUNNER = YES;
			};
			name = Debug;
		};
		C9023ED71BC862EE0016B0E2 /* Release */ = {
			isa = XCBuildConfiguration;
			buildSettings = {
				INFOPLIST_FILE = BlocBrowserUITests/Info.plist;
				LD_RUNPATH_SEARCH_PATHS = "$(inherited) @executable_path/Frameworks @loader_path/Frameworks";
				PRODUCT_BUNDLE_IDENTIFIER = com.BenRussell.BlocBrowserUITests;
				PRODUCT_NAME = "$(TARGET_NAME)";
				TEST_TARGET_NAME = BlocBrowser;
				USES_XCTRUNNER = YES;
			};
			name = Release;
		};
/* End XCBuildConfiguration section */

/* Begin XCConfigurationList section */
		C9023E9D1BC862EE0016B0E2 /* Build configuration list for PBXProject "BlocBrowser" */ = {
			isa = XCConfigurationList;
			buildConfigurations = (
				C9023ECD1BC862EE0016B0E2 /* Debug */,
				C9023ECE1BC862EE0016B0E2 /* Release */,
			);
			defaultConfigurationIsVisible = 0;
			defaultConfigurationName = Release;
		};
		C9023ECF1BC862EE0016B0E2 /* Build configuration list for PBXNativeTarget "BlocBrowser" */ = {
			isa = XCConfigurationList;
			buildConfigurations = (
				C9023ED01BC862EE0016B0E2 /* Debug */,
				C9023ED11BC862EE0016B0E2 /* Release */,
			);
			defaultConfigurationIsVisible = 0;
			defaultConfigurationName = Release;
		};
		C9023ED21BC862EE0016B0E2 /* Build configuration list for PBXNativeTarget "BlocBrowserTests" */ = {
			isa = XCConfigurationList;
			buildConfigurations = (
				C9023ED31BC862EE0016B0E2 /* Debug */,
				C9023ED41BC862EE0016B0E2 /* Release */,
			);
			defaultConfigurationIsVisible = 0;
			defaultConfigurationName = Release;
		};
		C9023ED51BC862EE0016B0E2 /* Build configuration list for PBXNativeTarget "BlocBrowserUITests" */ = {
			isa = XCConfigurationList;
			buildConfigurations = (
				C9023ED61BC862EE0016B0E2 /* Debug */,
				C9023ED71BC862EE0016B0E2 /* Release */,
			);
			defaultConfigurationIsVisible = 0;
			defaultConfigurationName = Release;
		};
/* End XCConfigurationList section */
	};
	rootObject = C9023E9A1BC862EE0016B0E2 /* Project object */;
}
